{
  "nodes": {
    "apt-tabcomplete": {
      "flake": false,
      "locked": {
        "lastModified": 1561190437,
        "narHash": "sha256-qP4Exp07wV0mHu5/ze51uZ/LnPsQPfgOte7gJHxGnkQ=",
        "owner": "DangerOnTheRanger",
        "repo": "xonsh-apt-tabcomplete",
        "rev": "ea0058f3c360f8b1f847edab77aa650761ea8e77",
        "type": "github"
      },
      "original": {
        "owner": "DangerOnTheRanger",
        "repo": "xonsh-apt-tabcomplete",
        "type": "github"
      }
    },
    "autoxsh": {
      "flake": false,
      "locked": {
        "lastModified": 1520574300,
        "narHash": "sha256-rBRt4t153b4XFzr/ONgnk30xzbCZLhymGdX7X3pLhXE=",
        "owner": "Granitas",
        "repo": "xonsh-autoxsh",
        "rev": "3ea86ecd9112dfa6aef544b51bad81abb67b590a",
        "type": "github"
      },
      "original": {
        "owner": "Granitas",
        "repo": "xonsh-autoxsh",
        "type": "github"
      }
    },
    "avox": {
      "flake": false,
      "locked": {
        "lastModified": 1579720214,
        "narHash": "sha256-Nb9IeJ4o/AxTv9CBmHDxbW3o7YyAgtBTfsRRn702vN8=",
        "owner": "astronouth7303",
        "repo": "xontrib-avox",
        "rev": "c3a8ff30cd6faa9f5c88ddcb83f3037ce8bc47d2",
        "type": "github"
      },
      "original": {
        "owner": "astronouth7303",
        "repo": "xontrib-avox",
        "type": "github"
      }
    },
    "backtrace": {
      "flake": false,
      "locked": {
        "lastModified": 1539376457,
        "narHash": "sha256-F4tvYQ9XmKALMiwak+oa7nqWoLe2zvVOiTv9/gmQfcQ=",
        "owner": "nir0s",
        "repo": "backtrace",
        "rev": "a1f75c956f669a6175088693802d5392e6bd7e51",
        "type": "github"
      },
      "original": {
        "owner": "nir0s",
        "repo": "backtrace",
        "type": "github"
      }
    },
    "base16-shell": {
      "flake": false,
      "locked": {
        "lastModified": 1561142230,
        "narHash": "sha256-bqv+8N22/bvJtRuMvHd4N/voVG0tycz18KV+2wF+VAQ=",
        "owner": "ErickTucto",
        "repo": "xontrib-base16-shell",
        "rev": "685450d2319eeed826cb253522f6ca9a6f9c48dc",
        "type": "github"
      },
      "original": {
        "owner": "ErickTucto",
        "repo": "xontrib-base16-shell",
        "type": "github"
      }
    },
    "construct": {
      "inputs": {
        "nixpkgs": [
          "large"
        ]
      },
      "locked": {
        "lastModified": 1595694061,
        "narHash": "sha256-N+Q6bK3p8ZnrmE4vqk+7XprULBhcrkS9b/XqSjQVLFI=",
        "owner": "matrix-construct",
        "repo": "construct",
        "rev": "dd17ba9decb3177edf6e8182ffaf760505cc05b3",
        "type": "github"
      },
      "original": {
        "owner": "matrix-construct",
        "repo": "construct",
        "type": "github"
      }
    },
    "direnv": {
      "flake": false,
      "locked": {
        "lastModified": 1572656001,
        "narHash": "sha256-Xc0194zcegDTMjICMEIy9pE0NEtqX0GP9Oi3R4RD1uQ=",
        "owner": "74th",
        "repo": "xonsh-direnv",
        "rev": "8d5808552691630977fa24db394e10cc808ae996",
        "type": "github"
      },
      "original": {
        "owner": "74th",
        "repo": "xonsh-direnv",
        "type": "github"
      }
    },
    "docker-tabcomplete": {
      "flake": false,
      "locked": {
        "lastModified": 1543309398,
        "narHash": "sha256-CQ6BXtc9DXuFlSJcPwwznWM5PJLONDG0Va0bQHSiMck=",
        "owner": "xsteadfastx",
        "repo": "xonsh-docker-tabcomplete",
        "rev": "61a9ebce5d46c0b09351026d6299cd7c77f27556",
        "type": "github"
      },
      "original": {
        "owner": "xsteadfastx",
        "repo": "xonsh-docker-tabcomplete",
        "type": "github"
      }
    },
    "dwarffs": {
      "inputs": {
        "nix": [
          "nix"
        ],
        "nixpkgs": [
          "master"
        ]
      },
      "locked": {
        "lastModified": 1594198744,
        "narHash": "sha256-F3aHWuvhoX1OmRSdtp5coCymH8hPO+dJmGvU3QLuRJI=",
        "owner": "edolstra",
        "repo": "dwarffs",
        "rev": "149c9e0596aeab0cd77b23462e15ac97bd05e0aa",
        "type": "github"
      },
      "original": {
        "owner": "edolstra",
        "repo": "dwarffs",
        "type": "github"
      }
    },
    "emacs": {
      "locked": {
        "lastModified": 1595840855,
        "narHash": "sha256-Eb8mX8SKzMH8DeshmXvO7OPmeTKRKqVAqmN5uhLE/uo=",
        "owner": "nix-community",
        "repo": "emacs-overlay",
        "rev": "87f85a1c2f3b4c013926f0e2806983e87b5d3b23",
        "type": "github"
      },
      "original": {
        "owner": "nix-community",
        "repo": "emacs-overlay",
        "type": "github"
      }
    },
    "fzf-widgets": {
      "flake": false,
      "locked": {
        "lastModified": 1588419937,
        "narHash": "sha256-eKMWeBXSIeqF2StZ6lk2vhBuYD6XL+8eKOxm3pgIGdA=",
        "owner": "laloch",
        "repo": "xontrib-fzf-widgets",
        "rev": "417ebebeb8635ef6ce81ab25f3628439b3963d50",
        "type": "github"
      },
      "original": {
        "owner": "laloch",
        "repo": "xontrib-fzf-widgets",
        "type": "github"
      }
    },
    "guix": {
      "inputs": {
        "nixpkgs": [
          "large"
        ]
      },
      "locked": {
        "lastModified": 1589350842,
        "narHash": "sha256-94cSMVPii8Rkts2MZaJ0URtnzlTjCSPIm5L1+bp2ra4=",
        "owner": "bqv",
        "repo": "guix",
        "rev": "96bc72dca574425b43d182705e42e772c6982de0",
        "type": "github"
      },
      "original": {
        "owner": "bqv",
        "repo": "guix",
        "type": "github"
      }
    },
    "hardware": {
      "flake": false,
      "locked": {
        "lastModified": 1594048951,
        "narHash": "sha256-tZGngCmJoK1Lzz7kqTHxa5bK3dIYd9JNHN2Wfuhqku8=",
        "owner": "nixos",
        "repo": "nixos-hardware",
        "rev": "cc353d439e3135dbe3f5473d897d2c35537f260c",
        "type": "github"
      },
      "original": {
        "owner": "nixos",
        "repo": "nixos-hardware",
        "type": "github"
      }
    },
    "haskell": {
      "locked": {
        "lastModified": 1595812680,
        "narHash": "sha256-QwTd+50sEsjQ6gP7dgbYLnhcG3mZyqUsDx4bJIcs8hw=",
        "owner": "input-output-hk",
        "repo": "haskell.nix",
        "rev": "487eea1c249537d34c27f6143dff2b9d5586c657",
        "type": "github"
      },
      "original": {
        "owner": "input-output-hk",
        "repo": "haskell.nix",
        "type": "github"
      }
    },
    "hist-navigator": {
      "flake": false,
      "locked": {
        "lastModified": 1588334960,
        "narHash": "sha256-MP12AT6WoFdhbCurf8F7aXLPlwSl+Q5KorTlUft86Eo=",
        "owner": "jnoortheen",
        "repo": "xontrib-hist-navigator",
        "rev": "e83b56de4bc020078c4b8c71f5ffac2a90deb8f9",
        "type": "github"
      },
      "original": {
        "owner": "jnoortheen",
        "repo": "xontrib-hist-navigator",
        "type": "github"
      }
    },
    "histcpy": {
      "flake": false,
      "locked": {
        "lastModified": 1587839355,
        "narHash": "sha256-FjP3vAWOGu/KX9NdYn7iszCjFDGdmwwVa21NbSUgAtI=",
        "owner": "con-f-use",
        "repo": "xontrib-histcpy",
        "rev": "c7356b7f689b7ecc1bcd6c086dd67ab875057be0",
        "type": "github"
      },
      "original": {
        "owner": "con-f-use",
        "repo": "xontrib-histcpy",
        "type": "github"
      }
    },
    "home": {
      "inputs": {
        "nixpkgs": [
          "large"
        ]
      },
      "locked": {
        "lastModified": 1591751635,
        "narHash": "sha256-KgGtyFlkI/fsp+j8VEgJ/ynY9B91aX35Xp04HlDLRTo=",
        "owner": "rycee",
        "repo": "home-manager",
        "rev": "b3fee796fcd5531693d9b84ece76ad6836bb1cfa",
        "type": "github"
      },
      "original": {
        "owner": "rycee",
        "ref": "bqv-flakes",
        "repo": "home-manager",
        "type": "github"
      }
    },
    "kitty": {
      "flake": false,
      "locked": {
        "lastModified": 1572539931,
        "narHash": "sha256-sCHd6XEYIcsT9PUMTbgUPddUaRnuZtAMGkjWdvOtEKs=",
        "owner": "scopatz",
        "repo": "xontrib-kitty",
        "rev": "c4bc54c0778bf1abb27eae31427e2d23a079ba5a",
        "type": "github"
      },
      "original": {
        "owner": "scopatz",
        "repo": "xontrib-kitty",
        "type": "github"
      }
    },
    "large": {
      "locked": {
        "lastModified": 1595770343,
        "narHash": "sha256-GTmeVtwj+ZvtPMYyliFspWRoLly1P25suz694NfD9d8=",
        "owner": "nixos",
        "repo": "nixpkgs",
        "rev": "28fce082c8ca1a8fb3dfac5c938829e51fb314c8",
        "type": "github"
      },
      "original": {
        "owner": "nixos",
        "ref": "nixos-unstable",
        "repo": "nixpkgs",
        "type": "github"
      }
    },
    "master": {
      "locked": {
        "lastModified": 1595830461,
        "narHash": "sha256-ckxGjtGXhV68FsWfcq0nvSjV6+fL1aS+I7obBWSDiEM=",
        "owner": "nixos",
        "repo": "nixpkgs",
        "rev": "7bf0f7301a3fdd8478e8abe81df96fbbff5fb9e7",
        "type": "github"
      },
      "original": {
        "owner": "nixos",
        "ref": "master",
        "repo": "nixpkgs",
        "type": "github"
      }
    },
    "mozilla": {
      "flake": false,
      "locked": {
        "lastModified": 1594829078,
        "narHash": "sha256-yRCkO499a5gucHmxgWb/QDqPt/UBTbuPURuPZ9DLmIc=",
        "owner": "mozilla",
        "repo": "nixpkgs-mozilla",
        "rev": "efda5b357451dbb0431f983cca679ae3cd9b9829",
        "type": "github"
      },
      "original": {
        "owner": "mozilla",
        "repo": "nixpkgs-mozilla",
        "type": "github"
      }
    },
    "naersk": {
      "inputs": {
        "nixpkgs": [
          "large"
        ]
      },
      "locked": {
        "lastModified": 1595240294,
        "narHash": "sha256-pLIbAvNT7wpxsLYT4O3KT5Q5e3axrxlGZinCnOMPLVk=",
        "owner": "nmattia",
        "repo": "naersk",
        "rev": "dcee40445cfe301ced2d1b11290d6a94ff3aadb9",
        "type": "github"
      },
      "original": {
        "owner": "nmattia",
        "repo": "naersk",
        "type": "github"
      }
    },
    "napalm": {
      "flake": false,
      "locked": {
        "lastModified": 1580996873,
        "narHash": "sha256-C/UTxrVsmoL6pryD3nH/Y7JxQ65AR6p60CIJELFEsrc=",
        "owner": "nmattia",
        "repo": "napalm",
        "rev": "47e8d246cba57a346db15f6a33ba61c54d3b5c05",
        "type": "github"
      },
      "original": {
        "owner": "nmattia",
        "repo": "napalm",
        "type": "github"
      }
    },
    "nix": {
      "inputs": {
        "nixpkgs": [
          "master"
        ]
      },
      "locked": {
        "lastModified": 1595761776,
        "narHash": "sha256-Y678b0XLyYKqF98bpsmZzrnMz0W7hwGSEkZxDURpMFE=",
        "owner": "nixos",
        "repo": "nix",
        "rev": "d7c0f094cbcfe1ae4ccc3d54baec00b66ccb1ed0",
        "type": "github"
      },
      "original": {
        "owner": "nixos",
        "ref": "master",
        "repo": "nix",
        "type": "github"
      }
    },
    "nixpkgs": {
      "locked": {
        "lastModified": 1594735790,
        "narHash": "sha256-L0QrBVGGGM+a5iwYtBKttxlUw9OVhrn7VuZITng/u7Y=",
        "path": "/nix/store/113q6wk2la7665f1kvq0kpdm67sf5n2h-source",
        "rev": "e97fdce4e1b945c9ec30d4d90a451f1577f5cf4a",
        "type": "path"
      },
      "original": {
        "id": "nixpkgs",
        "type": "indirect"
      }
    },
    "nixus": {
      "inputs": {
        "nixpkgs": "nixpkgs"
      },
      "locked": {
        "lastModified": 1591053277,
        "narHash": "sha256-7LIXbLD413ZzM59duDl3iJ1mU24naPprj17YP8t1iDU=",
        "owner": "infinisil",
        "repo": "nixus",
        "rev": "545254808be876708535079996e2d9efd71f6533",
        "type": "github"
      },
      "original": {
        "owner": "infinisil",
        "repo": "nixus",
        "rev": "545254808be876708535079996e2d9efd71f6533",
        "type": "github"
      }
    },
    "output-search": {
      "flake": false,
      "locked": {
        "lastModified": 1590323025,
        "narHash": "sha256-4jyCwSfpsvfZC0QixfON8vx/DQ9o2+qrjNd8+UyOWU4=",
        "owner": "tokenizer",
        "repo": "xontrib-output-search",
        "rev": "b0af5e23bc021ac45c53b4dc487bfa89420ad2a1",
        "type": "github"
      },
      "original": {
        "owner": "tokenizer",
        "repo": "xontrib-output-search",
        "type": "github"
      }
    },
    "pause": {
      "flake": false,
      "locked": {
        "lastModified": 1540512113,
        "narHash": "sha256-SG4in3ZxVEkbEb6I660SCRvvHOorCfGUq5lOSQ2hIgE=",
        "owner": "jgillick",
        "repo": "python-pause",
        "rev": "ac53175b19693ac8e89b874443a29662eb0c15d5",
        "type": "github"
      },
      "original": {
        "owner": "jgillick",
        "repo": "python-pause",
        "type": "github"
      }
    },
    "pipeliner": {
      "flake": false,
      "locked": {
        "lastModified": 1588755481,
        "narHash": "sha256-QK8LWz7KJXS2ATx9F8jX7r8w0vqWHNUli8BlSdrQ9ss=",
        "owner": "anki-code",
        "repo": "xontrib-pipeliner",
        "rev": "f016cd5fa6fcad062cec84ac4012a9cf52c0ca43",
        "type": "github"
      },
      "original": {
        "owner": "anki-code",
        "repo": "xontrib-pipeliner",
        "type": "github"
      }
    },
    "powerline": {
      "flake": false,
      "locked": {
        "lastModified": 1591956383,
        "narHash": "sha256-HXUZJwPbNI4ysTo6jnbZaZuuncIJJELyJFuPxul0YsA=",
        "owner": "laloch",
        "repo": "xontrib-powerline",
        "rev": "aaa8c4c5674ea2eaef51396246abc326e514d7be",
        "type": "github"
      },
      "original": {
        "owner": "laloch",
        "repo": "xontrib-powerline",
        "type": "github"
      }
    },
    "pr75800": {
      "locked": {
        "lastModified": 1595080042,
        "narHash": "sha256-4qdMZ3jPN84DZPcPJeTWECoM0HVaOKMgejSGI7ra7x0=",
        "owner": "ma27",
        "repo": "nixpkgs",
        "rev": "90544bac34513039069d7fe717c5dcf20c742d94",
        "type": "github"
      },
      "original": {
        "owner": "ma27",
        "ref": "declarative-networks-with-iwd",
        "repo": "nixpkgs",
        "type": "github"
      }
    },
    "prompt-bar": {
      "flake": false,
      "locked": {
        "lastModified": 1588755354,
        "narHash": "sha256-U8GpUeaz9wqjAFnCxB+eIchvclrGqU332OQipNpT2/w=",
        "owner": "anki-code",
        "repo": "xontrib-prompt-bar",
        "rev": "a851093b8671bb93e364ac3122220c15d6f85d09",
        "type": "github"
      },
      "original": {
        "owner": "anki-code",
        "repo": "xontrib-prompt-bar",
        "type": "github"
      }
    },
    "prompt-vi-mode": {
      "flake": false,
      "locked": {
        "lastModified": 1549044682,
        "narHash": "sha256-9xCCfM1Rt0ESa8Bsq+CnImpGoS0zCFtVesJfB91+/7Q=",
        "owner": "t184256",
        "repo": "xontrib-prompt-vi-mode",
        "rev": "ed31f520fe4a62f6992e8d9181fc2ed018161015",
        "type": "github"
      },
      "original": {
        "owner": "t184256",
        "repo": "xontrib-prompt-vi-mode",
        "type": "github"
      }
    },
    "pure": {
      "flake": false,
      "locked": {
        "lastModified": 1535038503,
        "narHash": "sha256-EunQrPf59ivzIbsL9RfCUSUBPuJ9HYrMu67UVwrtPcM=",
        "owner": "popkirby",
        "repo": "xonsh-pure",
        "rev": "75a6f9af523ff06d1e0a1990bd1a2b7fb01fab4d",
        "type": "github"
      },
      "original": {
        "owner": "popkirby",
        "repo": "xonsh-pure",
        "type": "github"
      }
    },
    "pyenv": {
      "flake": false,
      "locked": {
        "lastModified": 1575140366,
        "narHash": "sha256-sjhVZKDddhjtpF050ur/RkTfgbr2DXJM6fAGG6h6XEs=",
        "owner": "dyuri",
        "repo": "xontrib-pyenv",
        "rev": "d520f0c051224743d211bee7f6e0cf26b2711814",
        "type": "github"
      },
      "original": {
        "owner": "dyuri",
        "repo": "xontrib-pyenv",
        "type": "github"
      }
    },
    "pygments-cache": {
      "flake": false,
      "locked": {
        "lastModified": 1532282363,
        "narHash": "sha256-hwB8OdziDY6j3i21GfiQL2fKDooWtnEtuXo5BFJwJvM=",
        "owner": "xonsh",
        "repo": "pygments-cache",
        "rev": "972c191971457982da61f8580afc8cbfad1c7169",
        "type": "github"
      },
      "original": {
        "owner": "xonsh",
        "repo": "pygments-cache",
        "type": "github"
      }
    },
    "readable-traceback": {
      "flake": false,
      "locked": {
        "lastModified": 1572961500,
        "narHash": "sha256-gcxDiymcvJRrKm/Rul9DkTvZ+NxbeV+hQbNTn7BtGBo=",
        "owner": "6syun9",
        "repo": "xontrib-readable-traceback",
        "rev": "6b496bae6d95346c5e771f68d18f6262fe7f5f8f",
        "type": "github"
      },
      "original": {
        "owner": "6syun9",
        "repo": "xontrib-readable-traceback",
        "type": "github"
      }
    },
    "repassh": {
      "flake": false,
      "locked": {
        "lastModified": 1585902787,
        "narHash": "sha256-s2fmFHRvUVxOTqWc/HCn/PsYeBitGU6vgkIaKOx3MeQ=",
        "owner": "dyuri",
        "repo": "repassh",
        "rev": "e21c3c38e01872437a5c565a0692ce5548621c51",
        "type": "github"
      },
      "original": {
        "owner": "dyuri",
        "repo": "repassh",
        "type": "github"
      }
    },
    "root": {
      "inputs": {
        "construct": "construct",
        "dwarffs": "dwarffs",
        "emacs": "emacs",
        "guix": "guix",
        "hardware": "hardware",
        "haskell": "haskell",
        "home": "home",
        "large": "large",
        "master": "master",
        "mozilla": "mozilla",
        "naersk": "naersk",
        "napalm": "napalm",
        "nix": "nix",
        "nixus": "nixus",
        "pr75800": "pr75800",
        "small": "small",
        "snack": "snack",
        "staged": "staged",
        "utils": "utils",
        "wayland": "wayland",
        "xontribs": "xontribs"
      }
    },
    "schedule": {
      "flake": false,
      "locked": {
        "lastModified": 1498685227,
        "narHash": "sha256-zVtNgdQDq5SL0B5V9NGlPkhzCGZjFu1YbXIRJXL7JLM=",
        "owner": "astronouth7303",
        "repo": "xontrib-schedule",
        "rev": "d3999f1187f68e19ca0f2ab85fabfeb065ee3e3f",
        "type": "github"
      },
      "original": {
        "owner": "astronouth7303",
        "repo": "xontrib-schedule",
        "type": "github"
      }
    },
    "scrapy-tabcomplete": {
      "flake": false,
      "locked": {
        "lastModified": 1472037049,
        "narHash": "sha256-Yy9nylEbLmVB+Wp9Aq7qbqjapW6btUq/9o+fLAOAxkw=",
        "owner": "Granitas",
        "repo": "xonsh-scrapy-tabcomplete",
        "rev": "141b7a73b5a458e03c754154ba7ed4f9105fd9f5",
        "type": "github"
      },
      "original": {
        "owner": "Granitas",
        "repo": "xonsh-scrapy-tabcomplete",
        "type": "github"
      }
    },
    "small": {
      "locked": {
        "lastModified": 1595817770,
        "narHash": "sha256-82fMJIVqj+EW+H0neUUqMjS2vuvmJadXZi1FKFjCpsY=",
        "owner": "nixos",
        "repo": "nixpkgs",
        "rev": "89cb711b807f9c5dc71a8a6d4b023342e83ae8b9",
        "type": "github"
      },
      "original": {
        "owner": "nixos",
        "ref": "nixos-unstable-small",
        "repo": "nixpkgs",
        "type": "github"
      }
    },
    "snack": {
      "flake": false,
      "locked": {
        "lastModified": 1585047695,
        "narHash": "sha256-8EYDGcuaBjyDA83G7U9DxNcS3STM5rrhqRpumS1wBAo=",
        "owner": "nmattia",
        "repo": "snack",
        "rev": "b638463b9a7490867b44d0c33bb02e8f7ca82f29",
        "type": "github"
      },
      "original": {
        "owner": "nmattia",
        "repo": "snack",
        "type": "github"
      }
    },
    "ssh-agent": {
      "flake": false,
      "locked": {
        "lastModified": 1586114183,
        "narHash": "sha256-aMAmk1GHrienCduYUDYYUsu95rMEtWIWmOJip3ThSf4=",
        "owner": "dyuri",
        "repo": "xontrib-ssh-agent",
        "rev": "595fe07960f1b167bdbf44b9cc202c6c63840603",
        "type": "github"
      },
      "original": {
        "owner": "dyuri",
        "repo": "xontrib-ssh-agent",
        "type": "github"
      }
    },
    "staged": {
      "locked": {
        "lastModified": 1595782854,
        "narHash": "sha256-cItKxVBF7AU82WwlJpcb2F88wrnG4wUMXV6DEsZVeFA=",
        "owner": "nixos",
        "repo": "nixpkgs",
        "rev": "2d6b1f123972c4dabc5bf4aa50af1b3402823f03",
        "type": "github"
      },
      "original": {
        "owner": "nixos",
        "ref": "staging",
        "repo": "nixpkgs",
        "type": "github"
      }
    },
    "tokenize-output": {
      "flake": false,
      "locked": {
        "lastModified": 1590323269,
        "narHash": "sha256-5+2L/JOBZJ/sYyNNGaByTN43RrVGzKVkLFcHrIqNpR4=",
        "owner": "tokenizer",
        "repo": "tokenize-output",
        "rev": "e45e2ef3c5f32d183137862137dd44e6ec6eed65",
        "type": "github"
      },
      "original": {
        "owner": "tokenizer",
        "repo": "tokenize-output",
        "type": "github"
      }
    },
    "utils": {
      "locked": {
        "lastModified": 1595410516,
        "narHash": "sha256-8lKGIGTyo1uVfdT0TXEJk9YAR/Tw08sRA/VLOm9ewco=",
        "owner": "numtide",
        "repo": "flake-utils",
        "rev": "8e1f14e82dcd87f484a5024a86e52399b1061416",
        "type": "github"
      },
      "original": {
        "owner": "numtide",
        "repo": "flake-utils",
        "type": "github"
      }
    },
    "vox-tabcomplete": {
      "flake": false,
      "locked": {
        "lastModified": 1483915808,
        "narHash": "sha256-zyIVCGYw8oyrcILsgduciL9FZGDBTUTbv0rkLdO6Nyk=",
        "owner": "Granitosaurus",
        "repo": "xonsh-vox-tabcomplete",
        "rev": "eec768adec3917a16db0202b2088b7f58d349336",
        "type": "github"
      },
      "original": {
        "owner": "Granitosaurus",
        "repo": "xonsh-vox-tabcomplete",
        "type": "github"
      }
    },
    "wayland": {
      "inputs": {
        "nixpkgs": [
          "large"
        ]
      },
      "locked": {
        "lastModified": 1595840797,
        "narHash": "sha256-ixWLmANN7hA1E/Fk0OS3R/7aSnANcOvDnF8J6DCe1E4=",
        "owner": "colemickens",
        "repo": "nixpkgs-wayland",
        "rev": "1467451c4f2423b9f7565e2ff718ab7bcb20492d",
        "type": "github"
      },
      "original": {
        "owner": "colemickens",
        "repo": "nixpkgs-wayland",
        "type": "github"
      }
    },
    "xo": {
      "flake": false,
      "locked": {
        "lastModified": 1580003167,
        "narHash": "sha256-kmhvjL2RYpdh1GQqRdVuSvF/fwVQ8ufOV9qoL6i6d28=",
        "owner": "scopatz",
        "repo": "xo",
        "rev": "3f7a7cf2daaae7abd2aaae5672e7c7113268ff18",
        "type": "github"
      },
      "original": {
        "owner": "scopatz",
        "repo": "xo",
        "type": "github"
      }
    },
    "xontribs": {
      "inputs": {
        "apt-tabcomplete": "apt-tabcomplete",
        "autoxsh": "autoxsh",
        "avox": "avox",
        "backtrace": "backtrace",
        "base16-shell": "base16-shell",
        "direnv": "direnv",
        "docker-tabcomplete": "docker-tabcomplete",
        "fzf-widgets": "fzf-widgets",
        "hist-navigator": "hist-navigator",
        "histcpy": "histcpy",
        "kitty": "kitty",
        "nixpkgs": [
          "large"
        ],
        "output-search": "output-search",
        "pause": "pause",
        "pipeliner": "pipeliner",
        "powerline": "powerline",
        "prompt-bar": "prompt-bar",
        "prompt-vi-mode": "prompt-vi-mode",
        "pure": "pure",
        "pyenv": "pyenv",
        "pygments-cache": "pygments-cache",
        "readable-traceback": "readable-traceback",
        "repassh": "repassh",
        "schedule": "schedule",
        "scrapy-tabcomplete": "scrapy-tabcomplete",
        "ssh-agent": "ssh-agent",
        "tokenize-output": "tokenize-output",
        "vox-tabcomplete": "vox-tabcomplete",
        "xo": "xo",
        "z": "z"
      },
      "locked": {
        "lastModified": 1592150469,
        "narHash": "sha256-K6vl93DtVsHahyqW72fEtUM+kaRD/VK1f/L0MLpXnzo=",
        "owner": "bqv",
        "repo": "xontribs",
        "rev": "69c271e7baced6b02083488f003ccab70568f9bf",
        "type": "github"
      },
      "original": {
        "owner": "bqv",
        "repo": "xontribs",
        "type": "github"
      }
    },
    "z": {
      "flake": false,
      "locked": {
        "lastModified": 1558447595,
        "narHash": "sha256-ixpv23jXWH2W3QRQX38XocXYgkk8K0HtIsuzKYwtsb4=",
        "owner": "astronouth7303",
        "repo": "xontrib-z",
        "rev": "ef05c358ac71716aeae70b96006cb28b4bb73600",
        "type": "github"
      },
      "original": {
        "owner": "astronouth7303",
        "repo": "xontrib-z",
        "type": "github"
      }
    }
  },
  "root": "root",
  "version": 7
}
