{
  "nodes": {
    "dwarffs": {
      "info": {
        "lastModified": 1585848904,
        "narHash": "sha256-sTX1/DU4lxaHYFapf1hvTir799effD9mUW7l2+3azqU="
      },
      "inputs": {
        "nixpkgs": "nixpkgs"
      },
      "locked": {
        "owner": "edolstra",
        "repo": "dwarffs",
        "rev": "83c13981993fa54c4cac230f2eec7241ab8fd0a9",
        "type": "github"
      },
      "original": {
        "owner": "edolstra",
        "repo": "dwarffs",
        "type": "github"
      }
    },
    "emacs": {
      "flake": false,
      "info": {
        "lastModified": 1586477872,
        "narHash": "sha256-+paAwpiPYiAQ3ZMfLXp/1QDUVT1PRBU+iH3DUnHT6QA="
      },
      "locked": {
        "owner": "nix-community",
        "repo": "emacs-overlay",
        "rev": "ff6f289ad70549129065b6c30dd742d4ef3aaffe",
        "type": "github"
      },
      "original": {
        "owner": "nix-community",
        "repo": "emacs-overlay",
        "type": "github"
      }
    },
    "home": {
      "info": {
        "lastModified": 1586388922,
        "narHash": "sha256-uP3nxTZjmfMbElAGWB9kjsbu3npO5dKScLfUUvXMM/M="
      },
      "inputs": {
        "nixpkgs": "nixpkgs"
      },
      "locked": {
        "owner": "rycee",
        "repo": "home-manager",
        "rev": "f410217ab034bafb0c80576b398f50830e58c4d3",
        "type": "github"
      },
      "original": {
        "owner": "rycee",
        "ref": "bqv-flakes",
        "repo": "home-manager",
        "type": "github"
      }
    },
    "large": {
      "info": {
        "lastModified": 1586125511,
        "narHash": "sha256-YLtcWDJhiU7mZx3ZYuDXAdhtoVD+wSfaQeLwcebW6uA="
      },
      "locked": {
        "owner": "nixos",
        "repo": "nixpkgs",
        "rev": "39247f8d04c04b3ee629a1f85aeedd582bf41cac",
        "type": "github"
      },
      "original": {
        "owner": "nixos",
        "ref": "nixos-unstable",
        "repo": "nixpkgs",
        "type": "github"
      }
    },
    "nixpkgs": {
      "info": {
        "lastModified": 1586455581,
        "narHash": "sha256-Tcxrbww4k/7Mp8eZu4HT7cV7w54eneKGOW/uOgTThcM="
      },
      "locked": {
        "owner": "nixos",
        "repo": "nixpkgs",
        "rev": "c6fbd527d063f0e60c68dcd90f1170858c2d2854",
        "type": "github"
      },
      "original": {
        "owner": "nixos",
        "ref": "master",
        "repo": "nixpkgs",
        "type": "github"
      }
    },
    "nur": {
      "info": {
        "lastModified": 1586454063,
        "narHash": "sha256-Gq9MXIf9I9+aOMTIWXN/qpkW06w6r9y1bu66jIaYl9k="
      },
      "inputs": {
        "nixpkgs": "nixpkgs"
      },
      "locked": {
        "owner": "nix-community",
        "repo": "NUR",
        "rev": "c21f0d9d470c38b2de04d8493ef26175f34d09e6",
        "type": "github"
      },
      "original": {
        "owner": "nix-community",
        "repo": "NUR",
        "type": "github"
      }
    },
    "root": {
      "inputs": {
        "dwarffs": "dwarffs",
        "emacs": "emacs",
        "home": "home",
        "large": "large",
        "nixpkgs": "nixpkgs",
        "nur": "nur",
        "small": "small"
      }
    },
    "small": {
      "info": {
        "lastModified": 1586264043,
        "narHash": "sha256-KTIml8umxv6v0x0f8SAVwdfljEaw1CGHpfrq5S8EBOw="
      },
      "locked": {
        "owner": "nixos",
        "repo": "nixpkgs",
        "rev": "d7b98129fea1ed08a645096b16c424e3cabf77e5",
        "type": "github"
      },
      "original": {
        "owner": "nixos",
        "ref": "nixos-unstable-small",
        "repo": "nixpkgs",
        "type": "github"
      }
    }
  },
  "root": "root",
  "version": 5
}
